// !$*UTF8*$!
{
	archiveVersion = 1;
	classes = {
	};
	objectVersion = 46;
	objects = {

/* Begin PBXBuildFile section */
		8FFF0CE815E4BCC3006BE3D7 /* UIKit.framework in Frameworks */ = {isa = PBXBuildFile; fileRef = 8FFF0CE715E4BCC3006BE3D7 /* UIKit.framework */; };
		8FFF0CEA15E4BCC3006BE3D7 /* Foundation.framework in Frameworks */ = {isa = PBXBuildFile; fileRef = 8FFF0CE915E4BCC3006BE3D7 /* Foundation.framework */; };
		8FFF0CEC15E4BCC3006BE3D7 /* CoreGraphics.framework in Frameworks */ = {isa = PBXBuildFile; fileRef = 8FFF0CEB15E4BCC3006BE3D7 /* CoreGraphics.framework */; };
		8FFF0CF215E4BCC3006BE3D7 /* InfoPlist.strings in Resources */ = {isa = PBXBuildFile; fileRef = 8FFF0CF015E4BCC3006BE3D7 /* InfoPlist.strings */; };
		8FFF0CF415E4BCC3006BE3D7 /* main.m in Sources */ = {isa = PBXBuildFile; fileRef = 8FFF0CF315E4BCC3006BE3D7 /* main.m */; };
		8FFF0CF815E4BCC3006BE3D7 /* SBAppDelegate.m in Sources */ = {isa = PBXBuildFile; fileRef = 8FFF0CF715E4BCC3006BE3D7 /* SBAppDelegate.m */; };
		8FFF0CFB15E4BCC3006BE3D7 /* SBFirstViewController.m in Sources */ = {isa = PBXBuildFile; fileRef = 8FFF0CFA15E4BCC3006BE3D7 /* SBFirstViewController.m */; };
		8FFF0CFD15E4BCC3006BE3D7 /* first.png in Resources */ = {isa = PBXBuildFile; fileRef = 8FFF0CFC15E4BCC3006BE3D7 /* first.png */; };
		8FFF0CFF15E4BCC3006BE3D7 /* first@2x.png in Resources */ = {isa = PBXBuildFile; fileRef = 8FFF0CFE15E4BCC3006BE3D7 /* first@2x.png */; };
		8FFF0D0215E4BCC3006BE3D7 /* SBSecondViewController.m in Sources */ = {isa = PBXBuildFile; fileRef = 8FFF0D0115E4BCC3006BE3D7 /* SBSecondViewController.m */; };
		8FFF0D0415E4BCC3006BE3D7 /* second.png in Resources */ = {isa = PBXBuildFile; fileRef = 8FFF0D0315E4BCC3006BE3D7 /* second.png */; };
		8FFF0D0615E4BCC3006BE3D7 /* second@2x.png in Resources */ = {isa = PBXBuildFile; fileRef = 8FFF0D0515E4BCC3006BE3D7 /* second@2x.png */; };
		8FFF0D0915E4BCC3006BE3D7 /* SBFirstViewController.xib in Resources */ = {isa = PBXBuildFile; fileRef = 8FFF0D0715E4BCC3006BE3D7 /* SBFirstViewController.xib */; };
		8FFF0D0C15E4BCC3006BE3D7 /* SBSecondViewController.xib in Resources */ = {isa = PBXBuildFile; fileRef = 8FFF0D0A15E4BCC3006BE3D7 /* SBSecondViewController.xib */; };
/* End PBXBuildFile section */

/* Begin PBXFileReference section */
		8FFF0CE315E4BCC3006BE3D7 /* scatter.app */ = {isa = PBXFileReference; explicitFileType = wrapper.application; includeInIndex = 0; path = scatter.app; sourceTree = BUILT_PRODUCTS_DIR; };
		8FFF0CE715E4BCC3006BE3D7 /* UIKit.framework */ = {isa = PBXFileReference; lastKnownFileType = wrapper.framework; name = UIKit.framework; path = System/Library/Frameworks/UIKit.framework; sourceTree = SDKROOT; };
		8FFF0CE915E4BCC3006BE3D7 /* Foundation.framework */ = {isa = PBXFileReference; lastKnownFileType = wrapper.framework; name = Foundation.framework; path = System/Library/Frameworks/Foundation.framework; sourceTree = SDKROOT; };
		8FFF0CEB15E4BCC3006BE3D7 /* CoreGraphics.framework */ = {isa = PBXFileReference; lastKnownFileType = wrapper.framework; name = CoreGraphics.framework; path = System/Library/Frameworks/CoreGraphics.framework; sourceTree = SDKROOT; };
		8FFF0CEF15E4BCC3006BE3D7 /* scatter-Info.plist */ = {isa = PBXFileReference; path = "scatter-Info.plist"; sourceTree = "<group>"; };
		8FFF0CF115E4BCC3006BE3D7 /* en */ = {isa = PBXFileReference; lastKnownFileType = text.plist.strings; name = en; path = en.lproj/InfoPlist.strings; sourceTree = "<group>"; };
		8FFF0CF315E4BCC3006BE3D7 /* main.m */ = {isa = PBXFileReference; lastKnownFileType = sourcecode.c.objc; path = main.m; sourceTree = "<group>"; };
		8FFF0CF515E4BCC3006BE3D7 /* scatter-Prefix.pch */ = {isa = PBXFileReference; path = "scatter-Prefix.pch"; sourceTree = "<group>"; };
		8FFF0CF615E4BCC3006BE3D7 /* SBAppDelegate.h */ = {isa = PBXFileReference; path = SBAppDelegate.h; sourceTree = "<group>"; };
		8FFF0CF715E4BCC3006BE3D7 /* SBAppDelegate.m */ = {isa = PBXFileReference; lastKnownFileType = sourcecode.c.objc; path = SBAppDelegate.m; sourceTree = "<group>"; };
		8FFF0CF915E4BCC3006BE3D7 /* SBFirstViewController.h */ = {isa = PBXFileReference; path = SBFirstViewController.h; sourceTree = "<group>"; };
		8FFF0CFA15E4BCC3006BE3D7 /* SBFirstViewController.m */ = {isa = PBXFileReference; lastKnownFileType = sourcecode.c.objc; path = SBFirstViewController.m; sourceTree = "<group>"; };
		8FFF0CFC15E4BCC3006BE3D7 /* first.png */ = {isa = PBXFileReference; lastKnownFileType = image.png; path = first.png; sourceTree = "<group>"; };
		8FFF0CFE15E4BCC3006BE3D7 /* first@2x.png */ = {isa = PBXFileReference; lastKnownFileType = image.png; path = "first@2x.png"; sourceTree = "<group>"; };
		8FFF0D0015E4BCC3006BE3D7 /* SBSecondViewController.h */ = {isa = PBXFileReference; path = SBSecondViewController.h; sourceTree = "<group>"; };
		8FFF0D0115E4BCC3006BE3D7 /* SBSecondViewController.m */ = {isa = PBXFileReference; lastKnownFileType = sourcecode.c.objc; path = SBSecondViewController.m; sourceTree = "<group>"; };
		8FFF0D0315E4BCC3006BE3D7 /* second.png */ = {isa = PBXFileReference; lastKnownFileType = image.png; path = second.png; sourceTree = "<group>"; };
		8FFF0D0515E4BCC3006BE3D7 /* second@2x.png */ = {isa = PBXFileReference; lastKnownFileType = image.png; path = "second@2x.png"; sourceTree = "<group>"; };
		8FFF0D0815E4BCC3006BE3D7 /* en */ = {isa = PBXFileReference; lastKnownFileType = file.xib; name = en; path = en.lproj/SBFirstViewController.xib; sourceTree = "<group>"; };
		8FFF0D0B15E4BCC3006BE3D7 /* en */ = {isa = PBXFileReference; lastKnownFileType = file.xib; name = en; path = en.lproj/SBSecondViewController.xib; sourceTree = "<group>"; };
/* End PBXFileReference section */

/* Begin PBXFrameworksBuildPhase section */
		8FFF0CE015E4BCC3006BE3D7 /* Frameworks */ = {
			isa = PBXFrameworksBuildPhase;
			buildActionMask = 2147483647;
			files = (
				8FFF0CE815E4BCC3006BE3D7 /* UIKit.framework in Frameworks */,
				8FFF0CEA15E4BCC3006BE3D7 /* Foundation.framework in Frameworks */,
				8FFF0CEC15E4BCC3006BE3D7 /* CoreGraphics.framework in Frameworks */,
			);
			runOnlyForDeploymentPostprocessing = 0;
		};
/* End PBXFrameworksBuildPhase section */

/* Begin PBXGroup section */
		8FFF0CD815E4BCC3006BE3D7 = {
			isa = PBXGroup;
			children = (
				8FFF0CED15E4BCC3006BE3D7 /* scatter */,
				8FFF0CE615E4BCC3006BE3D7 /* Frameworks */,
				8FFF0CE415E4BCC3006BE3D7 /* Products */,
			);
			sourceTree = "<group>";
		};
		8FFF0CE415E4BCC3006BE3D7 /* Products */ = {
			isa = PBXGroup;
			children = (
				8FFF0CE315E4BCC3006BE3D7 /* scatter.app */,
			);
			name = Products;
			sourceTree = "<group>";
		};
		8FFF0CE615E4BCC3006BE3D7 /* Frameworks */ = {
			isa = PBXGroup;
			children = (
				8FFF0CE715E4BCC3006BE3D7 /* UIKit.framework */,
				8FFF0CE915E4BCC3006BE3D7 /* Foundation.framework */,
				8FFF0CEB15E4BCC3006BE3D7 /* CoreGraphics.framework */,
			);
			name = Frameworks;
			sourceTree = "<group>";
		};
		8FFF0CED15E4BCC3006BE3D7 /* scatter */ = {
			isa = PBXGroup;
			children = (
				8FFF0CF615E4BCC3006BE3D7 /* SBAppDelegate.h */,
				8FFF0CF715E4BCC3006BE3D7 /* SBAppDelegate.m */,
				8FFF0CF915E4BCC3006BE3D7 /* SBFirstViewController.h */,
				8FFF0CFA15E4BCC3006BE3D7 /* SBFirstViewController.m */,
				8FFF0CFC15E4BCC3006BE3D7 /* first.png */,
				8FFF0CFE15E4BCC3006BE3D7 /* first@2x.png */,
				8FFF0D0015E4BCC3006BE3D7 /* SBSecondViewController.h */,
				8FFF0D0115E4BCC3006BE3D7 /* SBSecondViewController.m */,
				8FFF0D0315E4BCC3006BE3D7 /* second.png */,
				8FFF0D0515E4BCC3006BE3D7 /* second@2x.png */,
				8FFF0D0715E4BCC3006BE3D7 /* SBFirstViewController.xib */,
				8FFF0D0A15E4BCC3006BE3D7 /* SBSecondViewController.xib */,
				8FFF0CEE15E4BCC3006BE3D7 /* Supporting Files */,
			);
			path = scatter;
			sourceTree = "<group>";
		};
		8FFF0CEE15E4BCC3006BE3D7 /* Supporting Files */ = {
			isa = PBXGroup;
			children = (
				8FFF0CEF15E4BCC3006BE3D7 /* scatter-Info.plist */,
				8FFF0CF015E4BCC3006BE3D7 /* InfoPlist.strings */,
				8FFF0CF315E4BCC3006BE3D7 /* main.m */,
				8FFF0CF515E4BCC3006BE3D7 /* scatter-Prefix.pch */,
			);
			name = "Supporting Files";
			sourceTree = "<group>";
		};
/* End PBXGroup section */

/* Begin PBXNativeTarget section */
		8FFF0CE215E4BCC3006BE3D7 /* scatter */ = {
			isa = PBXNativeTarget;
			buildConfigurationList = 8FFF0D0F15E4BCC3006BE3D7 /* Build configuration list for PBXNativeTarget "scatter" */;
			buildPhases = (
				8FFF0CDF15E4BCC3006BE3D7 /* Sources */,
				8FFF0CE015E4BCC3006BE3D7 /* Frameworks */,
				8FFF0CE115E4BCC3006BE3D7 /* Resources */,
			);
			buildRules = (
			);
			dependencies = (
			);
			name = scatter;
			productName = scatter;
			productReference = 8FFF0CE315E4BCC3006BE3D7 /* scatter.app */;
			productType = "com.apple.product-type.application";
		};
/* End PBXNativeTarget section */

/* Begin PBXProject section */
		8FFF0CDA15E4BCC3006BE3D7 /* Project object */ = {
			isa = PBXProject;
			attributes = {
				CLASSPREFIX = SB;
				LastUpgradeCheck = 0430;
			};
			buildConfigurationList = 8FFF0CDD15E4BCC3006BE3D7 /* Build configuration list for PBXProject "scatter" */;
			compatibilityVersion = "Xcode 3.2";
			developmentRegion = English;
			hasScannedForEncodings = 0;
			knownRegions = (
				en,
			);
			mainGroup = 8FFF0CD815E4BCC3006BE3D7;
			productRefGroup = 8FFF0CE415E4BCC3006BE3D7 /* Products */;
			projectDirPath = "";
			projectRoot = "";
			targets = (
				8FFF0CE215E4BCC3006BE3D7 /* scatter */,
			);
		};
/* End PBXProject section */

/* Begin PBXResourcesBuildPhase section */
		8FFF0CE115E4BCC3006BE3D7 /* Resources */ = {
			isa = PBXResourcesBuildPhase;
			buildActionMask = 2147483647;
			files = (
				8FFF0CF215E4BCC3006BE3D7 /* InfoPlist.strings in Resources */,
				8FFF0CFD15E4BCC3006BE3D7 /* first.png in Resources */,
				8FFF0CFF15E4BCC3006BE3D7 /* first@2x.png in Resources */,
				8FFF0D0415E4BCC3006BE3D7 /* second.png in Resources */,
				8FFF0D0615E4BCC3006BE3D7 /* second@2x.png in Resources */,
				8FFF0D0915E4BCC3006BE3D7 /* SBFirstViewController.xib in Resources */,
				8FFF0D0C15E4BCC3006BE3D7 /* SBSecondViewController.xib in Resources */,
			);
			runOnlyForDeploymentPostprocessing = 0;
		};
/* End PBXResourcesBuildPhase section */

/* Begin PBXSourcesBuildPhase section */
		8FFF0CDF15E4BCC3006BE3D7 /* Sources */ = {
			isa = PBXSourcesBuildPhase;
			buildActionMask = 2147483647;
			files = (
				8FFF0CF415E4BCC3006BE3D7 /* main.m in Sources */,
				8FFF0CF815E4BCC3006BE3D7 /* SBAppDelegate.m in Sources */,
				8FFF0CFB15E4BCC3006BE3D7 /* SBFirstViewController.m in Sources */,
				8FFF0D0215E4BCC3006BE3D7 /* SBSecondViewController.m in Sources */,
			);
			runOnlyForDeploymentPostprocessing = 0;
		};
/* End PBXSourcesBuildPhase section */

/* Begin PBXVariantGroup section */
		8FFF0CF015E4BCC3006BE3D7 /* InfoPlist.strings */ = {
			isa = PBXVariantGroup;
			children = (
				8FFF0CF115E4BCC3006BE3D7 /* en */,
			);
			name = InfoPlist.strings;
			sourceTree = "<group>";
		};
		8FFF0D0715E4BCC3006BE3D7 /* SBFirstViewController.xib */ = {
			isa = PBXVariantGroup;
			children = (
				8FFF0D0815E4BCC3006BE3D7 /* en */,
			);
			name = SBFirstViewController.xib;
			sourceTree = "<group>";
		};
		8FFF0D0A15E4BCC3006BE3D7 /* SBSecondViewController.xib */ = {
			isa = PBXVariantGroup;
			children = (
				8FFF0D0B15E4BCC3006BE3D7 /* en */,
			);
			name = SBSecondViewController.xib;
			sourceTree = "<group>";
		};
/* End PBXVariantGroup section */

/* Begin XCBuildConfiguration section */
		8FFF0D0D15E4BCC3006BE3D7 /* Debug */ = {
			isa = XCBuildConfiguration;
			buildSettings = {
				ALWAYS_SEARCH_USER_PATHS = NO;
				ARCHS = "$(ARCHS_STANDARD_32_BIT)";
				"CODE_SIGN_IDENTITY[sdk=iphoneos*]" = "iPhone Developer";
				COPY_PHASE_STRIP = NO;
				GCC_C_LANGUAGE_STANDARD = gnu99;
				GCC_DYNAMIC_NO_PIC = NO;
				GCC_OPTIMIZATION_LEVEL = 0;
				GCC_PREPROCESSOR_DEFINITIONS = (
					"DEBUG=1",
					"$(inherited)",
				);
				GCC_SYMBOLS_PRIVATE_EXTERN = NO;
				GCC_VERSION = com.apple.compilers.llvm.clang.1_0;
				GCC_WARN_ABOUT_RETURN_TYPE = YES;
				GCC_WARN_UNINITIALIZED_AUTOS = YES;
				GCC_WARN_UNUSED_VARIABLE = YES;
				IPHONEOS_DEPLOYMENT_TARGET = 5.1;
				SDKROOT = iphoneos;
			};
			name = Debug;
		};
		8FFF0D0E15E4BCC3006BE3D7 /* Release */ = {
			isa = XCBuildConfiguration;
			buildSettings = {
				ALWAYS_SEARCH_USER_PATHS = NO;
				ARCHS = "$(ARCHS_STANDARD_32_BIT)";
				"CODE_SIGN_IDENTITY[sdk=iphoneos*]" = "iPhone Developer";
				COPY_PHASE_STRIP = YES;
				GCC_C_LANGUAGE_STANDARD = gnu99;
				GCC_VERSION = com.apple.compilers.llvm.clang.1_0;
				GCC_WARN_ABOUT_RETURN_TYPE = YES;
				GCC_WARN_UNINITIALIZED_AUTOS = YES;
				GCC_WARN_UNUSED_VARIABLE = YES;
				IPHONEOS_DEPLOYMENT_TARGET = 5.1;
				OTHER_CFLAGS = "-DNS_BLOCK_ASSERTIONS=1";
				SDKROOT = iphoneos;
				VALIDATE_PRODUCT = YES;
			};
			name = Release;
		};
		8FFF0D1015E4BCC3006BE3D7 /* Debug */ = {
			isa = XCBuildConfiguration;
			buildSettings = {
				GCC_PRECOMPILE_PREFIX_HEADER = YES;
				GCC_PREFIX_HEADER = "scatter/scatter-Prefix.pch";
				INFOPLIST_FILE = "scatter/scatter-Info.plist";
				PRODUCT_NAME = "$(TARGET_NAME)";
				WRAPPER_EXTENSION = app;
			};
			name = Debug;
		};
		8FFF0D1115E4BCC3006BE3D7 /* Release */ = {
			isa = XCBuildConfiguration;
			buildSettings = {
				GCC_PRECOMPILE_PREFIX_HEADER = YES;
				GCC_PREFIX_HEADER = "scatter/scatter-Prefix.pch";
				INFOPLIST_FILE = "scatter/scatter-Info.plist";
				PRODUCT_NAME = "$(TARGET_NAME)";
				WRAPPER_EXTENSION = app;
			};
			name = Release;
		};
/* End XCBuildConfiguration section */

/* Begin XCConfigurationList section */
		8FFF0CDD15E4BCC3006BE3D7 /* Build configuration list for PBXProject "scatter" */ = {
			isa = XCConfigurationList;
			buildConfigurations = (
				8FFF0D0D15E4BCC3006BE3D7 /* Debug */,
				8FFF0D0E15E4BCC3006BE3D7 /* Release */,
			);
			defaultConfigurationIsVisible = 0;
			defaultConfigurationName = Release;
		};
		8FFF0D0F15E4BCC3006BE3D7 /* Build configuration list for PBXNativeTarget "scatter" */ = {
			isa = XCConfigurationList;
			buildConfigurations = (
				8FFF0D1015E4BCC3006BE3D7 /* Debug */,
				8FFF0D1115E4BCC3006BE3D7 /* Release */,
			);
			defaultConfigurationIsVisible = 0;
		};
/* End XCConfigurationList section */
	};
	rootObject = 8FFF0CDA15E4BCC3006BE3D7 /* Project object */;
}
